
Microsoft Visual Studio Solution File, Format Version 12.00
# Visual Studio Version 17
VisualStudioVersion = 17.0.31903.59
MinimumVisualStudioVersion = 10.0.40219.1
Project("{FAE04EC0-301F-11D3-BF4B-00C04F79EFBC}") = "API", "API\API.csproj", "{A2E2DFC6-9DA2-44F8-8D29-C36AB96D5B0C}"
EndProject
Project("{FAE04EC0-301F-11D3-BF4B-00C04F79EFBC}") = "Application", "Application\Application.csproj", "{60879CE1-767D-4501-99EC-A04FE9509DC0}"
EndProject
Project("{FAE04EC0-301F-11D3-BF4B-00C04F79EFBC}") = "Domain", "Domain\Domain.csproj", "{24837E51-5170-4B05-84B6-E453393BB77A}"
EndProject
Project("{FAE04EC0-301F-11D3-BF4B-00C04F79EFBC}") = "Persistence", "Persistence\Persistence.csproj", "{96BE7B17-D9C5-404E-BB54-3E35659F5604}"
EndProject
Global
	GlobalSection(SolutionConfigurationPlatforms) = preSolution
		Debug|Any CPU = Debug|Any CPU
		Debug|x64 = Debug|x64
		Debug|x86 = Debug|x86
		Release|Any CPU = Release|Any CPU
		Release|x64 = Release|x64
		Release|x86 = Release|x86
	EndGlobalSection
	GlobalSection(ProjectConfigurationPlatforms) = postSolution
		{A2E2DFC6-9DA2-44F8-8D29-C36AB96D5B0C}.Debug|Any CPU.ActiveCfg = Debug|Any CPU
		{A2E2DFC6-9DA2-44F8-8D29-C36AB96D5B0C}.Debug|Any CPU.Build.0 = Debug|Any CPU
		{A2E2DFC6-9DA2-44F8-8D29-C36AB96D5B0C}.Debug|x64.ActiveCfg = Debug|Any CPU
		{A2E2DFC6-9DA2-44F8-8D29-C36AB96D5B0C}.Debug|x64.Build.0 = Debug|Any CPU
		{A2E2DFC6-9DA2-44F8-8D29-C36AB96D5B0C}.Debug|x86.ActiveCfg = Debug|Any CPU
		{A2E2DFC6-9DA2-44F8-8D29-C36AB96D5B0C}.Debug|x86.Build.0 = Debug|Any CPU
		{A2E2DFC6-9DA2-44F8-8D29-C36AB96D5B0C}.Release|Any CPU.ActiveCfg = Release|Any CPU
		{A2E2DFC6-9DA2-44F8-8D29-C36AB96D5B0C}.Release|Any CPU.Build.0 = Release|Any CPU
		{A2E2DFC6-9DA2-44F8-8D29-C36AB96D5B0C}.Release|x64.ActiveCfg = Release|Any CPU
		{A2E2DFC6-9DA2-44F8-8D29-C36AB96D5B0C}.Release|x64.Build.0 = Release|Any CPU
		{A2E2DFC6-9DA2-44F8-8D29-C36AB96D5B0C}.Release|x86.ActiveCfg = Release|Any CPU
		{A2E2DFC6-9DA2-44F8-8D29-C36AB96D5B0C}.Release|x86.Build.0 = Release|Any CPU
		{60879CE1-767D-4501-99EC-A04FE9509DC0}.Debug|Any CPU.ActiveCfg = Debug|Any CPU
		{60879CE1-767D-4501-99EC-A04FE9509DC0}.Debug|Any CPU.Build.0 = Debug|Any CPU
		{60879CE1-767D-4501-99EC-A04FE9509DC0}.Debug|x64.ActiveCfg = Debug|Any CPU
		{60879CE1-767D-4501-99EC-A04FE9509DC0}.Debug|x64.Build.0 = Debug|Any CPU
		{60879CE1-767D-4501-99EC-A04FE9509DC0}.Debug|x86.ActiveCfg = Debug|Any CPU
		{60879CE1-767D-4501-99EC-A04FE9509DC0}.Debug|x86.Build.0 = Debug|Any CPU
		{60879CE1-767D-4501-99EC-A04FE9509DC0}.Release|Any CPU.ActiveCfg = Release|Any CPU
		{60879CE1-767D-4501-99EC-A04FE9509DC0}.Release|Any CPU.Build.0 = Release|Any CPU
		{60879CE1-767D-4501-99EC-A04FE9509DC0}.Release|x64.ActiveCfg = Release|Any CPU
		{60879CE1-767D-4501-99EC-A04FE9509DC0}.Release|x64.Build.0 = Release|Any CPU
		{60879CE1-767D-4501-99EC-A04FE9509DC0}.Release|x86.ActiveCfg = Release|Any CPU
		{60879CE1-767D-4501-99EC-A04FE9509DC0}.Release|x86.Build.0 = Release|Any CPU
		{24837E51-5170-4B05-84B6-E453393BB77A}.Debug|Any CPU.ActiveCfg = Debug|Any CPU
		{24837E51-5170-4B05-84B6-E453393BB77A}.Debug|Any CPU.Build.0 = Debug|Any CPU
		{24837E51-5170-4B05-84B6-E453393BB77A}.Debug|x64.ActiveCfg = Debug|Any CPU
		{24837E51-5170-4B05-84B6-E453393BB77A}.Debug|x64.Build.0 = Debug|Any CPU
		{24837E51-5170-4B05-84B6-E453393BB77A}.Debug|x86.ActiveCfg = Debug|Any CPU
		{24837E51-5170-4B05-84B6-E453393BB77A}.Debug|x86.Build.0 = Debug|Any CPU
		{24837E51-5170-4B05-84B6-E453393BB77A}.Release|Any CPU.ActiveCfg = Release|Any CPU
		{24837E51-5170-4B05-84B6-E453393BB77A}.Release|Any CPU.Build.0 = Release|Any CPU
		{24837E51-5170-4B05-84B6-E453393BB77A}.Release|x64.ActiveCfg = Release|Any CPU
		{24837E51-5170-4B05-84B6-E453393BB77A}.Release|x64.Build.0 = Release|Any CPU
		{24837E51-5170-4B05-84B6-E453393BB77A}.Release|x86.ActiveCfg = Release|Any CPU
		{24837E51-5170-4B05-84B6-E453393BB77A}.Release|x86.Build.0 = Release|Any CPU
		{96BE7B17-D9C5-404E-BB54-3E35659F5604}.Debug|Any CPU.ActiveCfg = Debug|Any CPU
		{96BE7B17-D9C5-404E-BB54-3E35659F5604}.Debug|Any CPU.Build.0 = Debug|Any CPU
		{96BE7B17-D9C5-404E-BB54-3E35659F5604}.Debug|x64.ActiveCfg = Debug|Any CPU
		{96BE7B17-D9C5-404E-BB54-3E35659F5604}.Debug|x64.Build.0 = Debug|Any CPU
		{96BE7B17-D9C5-404E-BB54-3E35659F5604}.Debug|x86.ActiveCfg = Debug|Any CPU
		{96BE7B17-D9C5-404E-BB54-3E35659F5604}.Debug|x86.Build.0 = Debug|Any CPU
		{96BE7B17-D9C5-404E-BB54-3E35659F5604}.Release|Any CPU.ActiveCfg = Release|Any CPU
		{96BE7B17-D9C5-404E-BB54-3E35659F5604}.Release|Any CPU.Build.0 = Release|Any CPU
		{96BE7B17-D9C5-404E-BB54-3E35659F5604}.Release|x64.ActiveCfg = Release|Any CPU
		{96BE7B17-D9C5-404E-BB54-3E35659F5604}.Release|x64.Build.0 = Release|Any CPU
		{96BE7B17-D9C5-404E-BB54-3E35659F5604}.Release|x86.ActiveCfg = Release|Any CPU
		{96BE7B17-D9C5-404E-BB54-3E35659F5604}.Release|x86.Build.0 = Release|Any CPU
	EndGlobalSection
	GlobalSection(SolutionProperties) = preSolution
		HideSolutionNode = FALSE
	EndGlobalSection
EndGlobal
